
Microsoft Visual Studio Solution File, Format Version 12.00
# Visual Studio Version 16
VisualStudioVersion = 16.0.31321.278
MinimumVisualStudioVersion = 10.0.40219.1
Project("{FAE04EC0-301F-11D3-BF4B-00C04F79EFBC}") = "Day2Assn2", "Day2Assn2\Day2Assn2.csproj", "{AFE50916-3246-4D6D-A811-92697D4C3BA5}"
EndProject
Global
	GlobalSection(SolutionConfigurationPlatforms) = preSolution
		Debug|Any CPU = Debug|Any CPU
		Release|Any CPU = Release|Any CPU
	EndGlobalSection
	GlobalSection(ProjectConfigurationPlatforms) = postSolution
		{AFE50916-3246-4D6D-A811-92697D4C3BA5}.Debug|Any CPU.ActiveCfg = Debug|Any CPU
		{AFE50916-3246-4D6D-A811-92697D4C3BA5}.Debug|Any CPU.Build.0 = Debug|Any CPU
		{AFE50916-3246-4D6D-A811-92697D4C3BA5}.Release|Any CPU.ActiveCfg = Release|Any CPU
		{AFE50916-3246-4D6D-A811-92697D4C3BA5}.Release|Any CPU.Build.0 = Release|Any CPU
	EndGlobalSection
	GlobalSection(SolutionProperties) = preSolution
		HideSolutionNode = FALSE
	EndGlobalSection
	GlobalSection(ExtensibilityGlobals) = postSolution
		SolutionGuid = {B404D7CF-156E-4D44-8259-4D4FA4D8A028}
	EndGlobalSection
EndGlobal
