
Microsoft Visual Studio Solution File, Format Version 12.00
# Visual Studio Version 16
VisualStudioVersion = 16.0.31321.278
MinimumVisualStudioVersion = 10.0.40219.1
Project("{FAE04EC0-301F-11D3-BF4B-00C04F79EFBC}") = "Day2Assignment1", "Day2Assignment1\Day2Assignment1.csproj", "{C9657B35-AE85-42D3-99FF-D16BE60A4871}"
EndProject
Global
	GlobalSection(SolutionConfigurationPlatforms) = preSolution
		Debug|Any CPU = Debug|Any CPU
		Release|Any CPU = Release|Any CPU
	EndGlobalSection
	GlobalSection(ProjectConfigurationPlatforms) = postSolution
		{C9657B35-AE85-42D3-99FF-D16BE60A4871}.Debug|Any CPU.ActiveCfg = Debug|Any CPU
		{C9657B35-AE85-42D3-99FF-D16BE60A4871}.Debug|Any CPU.Build.0 = Debug|Any CPU
		{C9657B35-AE85-42D3-99FF-D16BE60A4871}.Release|Any CPU.ActiveCfg = Release|Any CPU
		{C9657B35-AE85-42D3-99FF-D16BE60A4871}.Release|Any CPU.Build.0 = Release|Any CPU
	EndGlobalSection
	GlobalSection(SolutionProperties) = preSolution
		HideSolutionNode = FALSE
	EndGlobalSection
	GlobalSection(ExtensibilityGlobals) = postSolution
		SolutionGuid = {F0D37006-4356-4C06-8688-BEC90D0C6C35}
	EndGlobalSection
EndGlobal
